// !$*UTF8*$!
{
	archiveVersion = 1;
	classes = {
	};
	objectVersion = 46;
	objects = {

/* Begin PBXBuildFile section */
		659311AD1C67C63B0088D476 /* AppDelegate.swift in Sources */ = {isa = PBXBuildFile; fileRef = 659311AC1C67C63B0088D476 /* AppDelegate.swift */; };
		659311B21C67C63B0088D476 /* Main.storyboard in Resources */ = {isa = PBXBuildFile; fileRef = 659311B01C67C63B0088D476 /* Main.storyboard */; };
		659311B41C67C63B0088D476 /* Assets.xcassets in Resources */ = {isa = PBXBuildFile; fileRef = 659311B31C67C63B0088D476 /* Assets.xcassets */; };
		659311B71C67C63B0088D476 /* LaunchScreen.storyboard in Resources */ = {isa = PBXBuildFile; fileRef = 659311B51C67C63B0088D476 /* LaunchScreen.storyboard */; };
		659311C21C67C63C0088D476 /* ChatBubbleUITests.swift in Sources */ = {isa = PBXBuildFile; fileRef = 659311C11C67C63C0088D476 /* ChatBubbleUITests.swift */; };
		659311CF1C67C6940088D476 /* RightPostTableViewCell.swift in Sources */ = {isa = PBXBuildFile; fileRef = 659311CE1C67C6940088D476 /* RightPostTableViewCell.swift */; };
		659311D11C67C6A50088D476 /* ChatTableViewController.swift in Sources */ = {isa = PBXBuildFile; fileRef = 659311D01C67C6A50088D476 /* ChatTableViewController.swift */; };
		659311D51C686F630088D476 /* LeftPostTableViewCell.swift in Sources */ = {isa = PBXBuildFile; fileRef = 659311D41C686F630088D476 /* LeftPostTableViewCell.swift */; };
/* End PBXBuildFile section */

/* Begin PBXContainerItemProxy section */
		659311BE1C67C63C0088D476 /* PBXContainerItemProxy */ = {
			isa = PBXContainerItemProxy;
			containerPortal = 659311A11C67C63B0088D476 /* Project object */;
			proxyType = 1;
			remoteGlobalIDString = 659311A81C67C63B0088D476;
			remoteInfo = ChatBubbleUI;
		};
/* End PBXContainerItemProxy section */

/* Begin PBXFileReference section */
		659311A91C67C63B0088D476 /* ChatBubbleUI.app */ = {isa = PBXFileReference; explicitFileType = wrapper.application; includeInIndex = 0; path = ChatBubbleUI.app; sourceTree = BUILT_PRODUCTS_DIR; };
		659311AC1C67C63B0088D476 /* AppDelegate.swift */ = {isa = PBXFileReference; lastKnownFileType = sourcecode.swift; path = AppDelegate.swift; sourceTree = "<group>"; };
		659311B11C67C63B0088D476 /* Base */ = {isa = PBXFileReference; lastKnownFileType = file.storyboard; name = Base; path = Base.lproj/Main.storyboard; sourceTree = "<group>"; };
		659311B31C67C63B0088D476 /* Assets.xcassets */ = {isa = PBXFileReference; lastKnownFileType = folder.assetcatalog; path = Assets.xcassets; sourceTree = "<group>"; };
		659311B61C67C63B0088D476 /* Base */ = {isa = PBXFileReference; lastKnownFileType = file.storyboard; name = Base; path = Base.lproj/LaunchScreen.storyboard; sourceTree = "<group>"; };
		659311B81C67C63B0088D476 /* Info.plist */ = {isa = PBXFileReference; lastKnownFileType = text.plist.xml; path = Info.plist; sourceTree = "<group>"; };
		659311BD1C67C63C0088D476 /* ChatBubbleUITests.xctest */ = {isa = PBXFileReference; explicitFileType = wrapper.cfbundle; includeInIndex = 0; path = ChatBubbleUITests.xctest; sourceTree = BUILT_PRODUCTS_DIR; };
		659311C11C67C63C0088D476 /* ChatBubbleUITests.swift */ = {isa = PBXFileReference; lastKnownFileType = sourcecode.swift; path = ChatBubbleUITests.swift; sourceTree = "<group>"; };
		659311C31C67C63C0088D476 /* Info.plist */ = {isa = PBXFileReference; lastKnownFileType = text.plist.xml; path = Info.plist; sourceTree = "<group>"; };
		659311CE1C67C6940088D476 /* RightPostTableViewCell.swift */ = {isa = PBXFileReference; fileEncoding = 4; lastKnownFileType = sourcecode.swift; path = RightPostTableViewCell.swift; sourceTree = "<group>"; };
		659311D01C67C6A50088D476 /* ChatTableViewController.swift */ = {isa = PBXFileReference; fileEncoding = 4; lastKnownFileType = sourcecode.swift; path = ChatTableViewController.swift; sourceTree = "<group>"; };
		659311D41C686F630088D476 /* LeftPostTableViewCell.swift */ = {isa = PBXFileReference; fileEncoding = 4; lastKnownFileType = sourcecode.swift; path = LeftPostTableViewCell.swift; sourceTree = "<group>"; };
/* End PBXFileReference section */

/* Begin PBXFrameworksBuildPhase section */
		659311A61C67C63B0088D476 /* Frameworks */ = {
			isa = PBXFrameworksBuildPhase;
			buildActionMask = 2147483647;
			files = (
			);
			runOnlyForDeploymentPostprocessing = 0;
		};
		659311BA1C67C63C0088D476 /* Frameworks */ = {
			isa = PBXFrameworksBuildPhase;
			buildActionMask = 2147483647;
			files = (
			);
			runOnlyForDeploymentPostprocessing = 0;
		};
/* End PBXFrameworksBuildPhase section */

/* Begin PBXGroup section */
		659311A01C67C63B0088D476 = {
			isa = PBXGroup;
			children = (
				659311AB1C67C63B0088D476 /* ChatBubbleUI */,
				659311C01C67C63C0088D476 /* ChatBubbleUITests */,
				659311AA1C67C63B0088D476 /* Products */,
			);
			sourceTree = "<group>";
		};
		659311AA1C67C63B0088D476 /* Products */ = {
			isa = PBXGroup;
			children = (
				659311A91C67C63B0088D476 /* ChatBubbleUI.app */,
				659311BD1C67C63C0088D476 /* ChatBubbleUITests.xctest */,
			);
			name = Products;
			sourceTree = "<group>";
		};
		659311AB1C67C63B0088D476 /* ChatBubbleUI */ = {
			isa = PBXGroup;
			children = (
				659311CD1C67C6640088D476 /* Views */,
				659311CC1C67C6550088D476 /* Controllers */,
				659311AC1C67C63B0088D476 /* AppDelegate.swift */,
				659311B01C67C63B0088D476 /* Main.storyboard */,
				659311B31C67C63B0088D476 /* Assets.xcassets */,
				659311B51C67C63B0088D476 /* LaunchScreen.storyboard */,
				659311B81C67C63B0088D476 /* Info.plist */,
			);
			path = ChatBubbleUI;
			sourceTree = "<group>";
		};
		659311C01C67C63C0088D476 /* ChatBubbleUITests */ = {
			isa = PBXGroup;
			children = (
				659311C11C67C63C0088D476 /* ChatBubbleUITests.swift */,
				659311C31C67C63C0088D476 /* Info.plist */,
			);
			path = ChatBubbleUITests;
			sourceTree = "<group>";
		};
		659311CC1C67C6550088D476 /* Controllers */ = {
			isa = PBXGroup;
			children = (
				659311D01C67C6A50088D476 /* ChatTableViewController.swift */,
			);
			path = Controllers;
			sourceTree = "<group>";
		};
		659311CD1C67C6640088D476 /* Views */ = {
			isa = PBXGroup;
			children = (
				659311CE1C67C6940088D476 /* RightPostTableViewCell.swift */,
				659311D41C686F630088D476 /* LeftPostTableViewCell.swift */,
			);
			path = Views;
			sourceTree = "<group>";
		};
/* End PBXGroup section */

/* Begin PBXNativeTarget section */
		659311A81C67C63B0088D476 /* ChatBubbleUI */ = {
			isa = PBXNativeTarget;
			buildConfigurationList = 659311C61C67C63C0088D476 /* Build configuration list for PBXNativeTarget "ChatBubbleUI" */;
			buildPhases = (
				659311A51C67C63B0088D476 /* Sources */,
				659311A61C67C63B0088D476 /* Frameworks */,
				659311A71C67C63B0088D476 /* Resources */,
			);
			buildRules = (
			);
			dependencies = (
			);
			name = ChatBubbleUI;
			productName = ChatBubbleUI;
			productReference = 659311A91C67C63B0088D476 /* ChatBubbleUI.app */;
			productType = "com.apple.product-type.application";
		};
		659311BC1C67C63C0088D476 /* ChatBubbleUITests */ = {
			isa = PBXNativeTarget;
			buildConfigurationList = 659311C91C67C63C0088D476 /* Build configuration list for PBXNativeTarget "ChatBubbleUITests" */;
			buildPhases = (
				659311B91C67C63C0088D476 /* Sources */,
				659311BA1C67C63C0088D476 /* Frameworks */,
				659311BB1C67C63C0088D476 /* Resources */,
			);
			buildRules = (
			);
			dependencies = (
				659311BF1C67C63C0088D476 /* PBXTargetDependency */,
			);
			name = ChatBubbleUITests;
			productName = ChatBubbleUITests;
			productReference = 659311BD1C67C63C0088D476 /* ChatBubbleUITests.xctest */;
			productType = "com.apple.product-type.bundle.unit-test";
		};
/* End PBXNativeTarget section */

/* Begin PBXProject section */
		659311A11C67C63B0088D476 /* Project object */ = {
			isa = PBXProject;
			attributes = {
				LastSwiftUpdateCheck = 0730;
				LastUpgradeCheck = 0730;
				ORGANIZATIONNAME = Bijiabo;
				TargetAttributes = {
					659311A81C67C63B0088D476 = {
						CreatedOnToolsVersion = 7.3;
					};
					659311BC1C67C63C0088D476 = {
						CreatedOnToolsVersion = 7.3;
						TestTargetID = 659311A81C67C63B0088D476;
					};
				};
			};
			buildConfigurationList = 659311A41C67C63B0088D476 /* Build configuration list for PBXProject "ChatBubbleUI" */;
			compatibilityVersion = "Xcode 3.2";
			developmentRegion = English;
			hasScannedForEncodings = 0;
			knownRegions = (
				en,
				Base,
			);
			mainGroup = 659311A01C67C63B0088D476;
			productRefGroup = 659311AA1C67C63B0088D476 /* Products */;
			projectDirPath = "";
			projectRoot = "";
			targets = (
				659311A81C67C63B0088D476 /* ChatBubbleUI */,
				659311BC1C67C63C0088D476 /* ChatBubbleUITests */,
			);
		};
/* End PBXProject section */

/* Begin PBXResourcesBuildPhase section */
		659311A71C67C63B0088D476 /* Resources */ = {
			isa = PBXResourcesBuildPhase;
			buildActionMask = 2147483647;
			files = (
				659311B71C67C63B0088D476 /* LaunchScreen.storyboard in Resources */,
				659311B41C67C63B0088D476 /* Assets.xcassets in Resources */,
				659311B21C67C63B0088D476 /* Main.storyboard in Resources */,
			);
			runOnlyForDeploymentPostprocessing = 0;
		};
		659311BB1C67C63C0088D476 /* Resources */ = {
			isa = PBXResourcesBuildPhase;
			buildActionMask = 2147483647;
			files = (
			);
			runOnlyForDeploymentPostprocessing = 0;
		};
/* End PBXResourcesBuildPhase section */

/* Begin PBXSourcesBuildPhase section */
		659311A51C67C63B0088D476 /* Sources */ = {
			isa = PBXSourcesBuildPhase;
			buildActionMask = 2147483647;
			files = (
				659311CF1C67C6940088D476 /* RightPostTableViewCell.swift in Sources */,
				659311AD1C67C63B0088D476 /* AppDelegate.swift in Sources */,
				659311D51C686F630088D476 /* LeftPostTableViewCell.swift in Sources */,
				659311D11C67C6A50088D476 /* ChatTableViewController.swift in Sources */,
			);
			runOnlyForDeploymentPostprocessing = 0;
		};
		659311B91C67C63C0088D476 /* Sources */ = {
			isa = PBXSourcesBuildPhase;
			buildActionMask = 2147483647;
			files = (
				659311C21C67C63C0088D476 /* ChatBubbleUITests.swift in Sources */,
			);
			runOnlyForDeploymentPostprocessing = 0;
		};
/* End PBXSourcesBuildPhase section */

/* Begin PBXTargetDependency section */
		659311BF1C67C63C0088D476 /* PBXTargetDependency */ = {
			isa = PBXTargetDependency;
			target = 659311A81C67C63B0088D476 /* ChatBubbleUI */;
			targetProxy = 659311BE1C67C63C0088D476 /* PBXContainerItemProxy */;
		};
/* End PBXTargetDependency section */

/* Begin PBXVariantGroup section */
		659311B01C67C63B0088D476 /* Main.storyboard */ = {
			isa = PBXVariantGroup;
			children = (
				659311B11C67C63B0088D476 /* Base */,
			);
			name = Main.storyboard;
			sourceTree = "<group>";
		};
		659311B51C67C63B0088D476 /* LaunchScreen.storyboard */ = {
			isa = PBXVariantGroup;
			children = (
				659311B61C67C63B0088D476 /* Base */,
			);
			name = LaunchScreen.storyboard;
			sourceTree = "<group>";
		};
/* End PBXVariantGroup section */

/* Begin XCBuildConfiguration section */
		659311C41C67C63C0088D476 /* Debug */ = {
			isa = XCBuildConfiguration;
			buildSettings = {
				ALWAYS_SEARCH_USER_PATHS = NO;
				CLANG_CXX_LANGUAGE_STANDARD = "gnu++0x";
				CLANG_CXX_LIBRARY = "libc++";
				CLANG_ENABLE_MODULES = YES;
				CLANG_ENABLE_OBJC_ARC = YES;
				CLANG_WARN_BOOL_CONVERSION = YES;
				CLANG_WARN_CONSTANT_CONVERSION = YES;
				CLANG_WARN_DIRECT_OBJC_ISA_USAGE = YES_ERROR;
				CLANG_WARN_EMPTY_BODY = YES;
				CLANG_WARN_ENUM_CONVERSION = YES;
				CLANG_WARN_INT_CONVERSION = YES;
				CLANG_WARN_OBJC_ROOT_CLASS = YES_ERROR;
				CLANG_WARN_UNREACHABLE_CODE = YES;
				CLANG_WARN__DUPLICATE_METHOD_MATCH = YES;
				"CODE_SIGN_IDENTITY[sdk=iphoneos*]" = "iPhone Developer";
				COPY_PHASE_STRIP = NO;
				DEBUG_INFORMATION_FORMAT = dwarf;
				ENABLE_STRICT_OBJC_MSGSEND = YES;
				ENABLE_TESTABILITY = YES;
				GCC_C_LANGUAGE_STANDARD = gnu99;
				GCC_DYNAMIC_NO_PIC = NO;
				GCC_NO_COMMON_BLOCKS = YES;
				GCC_OPTIMIZATION_LEVEL = 0;
				GCC_PREPROCESSOR_DEFINITIONS = (
					"DEBUG=1",
					"$(inherited)",
				);
				GCC_WARN_64_TO_32_BIT_CONVERSION = YES;
				GCC_WARN_ABOUT_RETURN_TYPE = YES_ERROR;
				GCC_WARN_UNDECLARED_SELECTOR = YES;
				GCC_WARN_UNINITIALIZED_AUTOS = YES_AGGRESSIVE;
				GCC_WARN_UNUSED_FUNCTION = YES;
				GCC_WARN_UNUSED_VARIABLE = YES;
				IPHONEOS_DEPLOYMENT_TARGET = 9.3;
				MTL_ENABLE_DEBUG_INFO = YES;
				ONLY_ACTIVE_ARCH = YES;
				SDKROOT = iphoneos;
				SWIFT_OPTIMIZATION_LEVEL = "-Onone";
			};
			name = Debug;
		};
		659311C51C67C63C0088D476 /* Release */ = {
			isa = XCBuildConfiguration;
			buildSettings = {
				ALWAYS_SEARCH_USER_PATHS = NO;
				CLANG_CXX_LANGUAGE_STANDARD = "gnu++0x";
				CLANG_CXX_LIBRARY = "libc++";
				CLANG_ENABLE_MODULES = YES;
				CLANG_ENABLE_OBJC_ARC = YES;
				CLANG_WARN_BOOL_CONVERSION = YES;
				CLANG_WARN_CONSTANT_CONVERSION = YES;
				CLANG_WARN_DIRECT_OBJC_ISA_USAGE = YES_ERROR;
				CLANG_WARN_EMPTY_BODY = YES;
				CLANG_WARN_ENUM_CONVERSION = YES;
				CLANG_WARN_INT_CONVERSION = YES;
				CLANG_WARN_OBJC_ROOT_CLASS = YES_ERROR;
				CLANG_WARN_UNREACHABLE_CODE = YES;
				CLANG_WARN__DUPLICATE_METHOD_MATCH = YES;
				"CODE_SIGN_IDENTITY[sdk=iphoneos*]" = "iPhone Developer";
				COPY_PHASE_STRIP = NO;
				DEBUG_INFORMATION_FORMAT = "dwarf-with-dsym";
				ENABLE_NS_ASSERTIONS = NO;
				ENABLE_STRICT_OBJC_MSGSEND = YES;
				GCC_C_LANGUAGE_STANDARD = gnu99;
				GCC_NO_COMMON_BLOCKS = YES;
				GCC_WARN_64_TO_32_BIT_CONVERSION = YES;
				GCC_WARN_ABOUT_RETURN_TYPE = YES_ERROR;
				GCC_WARN_UNDECLARED_SELECTOR = YES;
				GCC_WARN_UNINITIALIZED_AUTOS = YES_AGGRESSIVE;
				GCC_WARN_UNUSED_FUNCTION = YES;
				GCC_WARN_UNUSED_VARIABLE = YES;
				IPHONEOS_DEPLOYMENT_TARGET = 9.3;
				MTL_ENABLE_DEBUG_INFO = NO;
				SDKROOT = iphoneos;
				VALIDATE_PRODUCT = YES;
			};
			name = Release;
		};
		659311C71C67C63C0088D476 /* Debug */ = {
			isa = XCBuildConfiguration;
			buildSettings = {
				ASSETCATALOG_COMPILER_APPICON_NAME = AppIcon;
				INFOPLIST_FILE = ChatBubbleUI/Info.plist;
				LD_RUNPATH_SEARCH_PATHS = "$(inherited) @executable_path/Frameworks";
				PRODUCT_BUNDLE_IDENTIFIER = com.bijiabo.ChatBubbleUI;
				PRODUCT_NAME = "$(TARGET_NAME)";
			};
			name = Debug;
		};
		659311C81C67C63C0088D476 /* Release */ = {
			isa = XCBuildConfiguration;
			buildSettings = {
				ASSETCATALOG_COMPILER_APPICON_NAME = AppIcon;
				INFOPLIST_FILE = ChatBubbleUI/Info.plist;
				LD_RUNPATH_SEARCH_PATHS = "$(inherited) @executable_path/Frameworks";
				PRODUCT_BUNDLE_IDENTIFIER = com.bijiabo.ChatBubbleUI;
				PRODUCT_NAME = "$(TARGET_NAME)";
			};
			name = Release;
		};
		659311CA1C67C63C0088D476 /* Debug */ = {
			isa = XCBuildConfiguration;
			buildSettings = {
				BUNDLE_LOADER = "$(TEST_HOST)";
				INFOPLIST_FILE = ChatBubbleUITests/Info.plist;
				LD_RUNPATH_SEARCH_PATHS = "$(inherited) @executable_path/Frameworks @loader_path/Frameworks";
				PRODUCT_BUNDLE_IDENTIFIER = com.bijiabo.ChatBubbleUITests;
				PRODUCT_NAME = "$(TARGET_NAME)";
				TEST_HOST = "$(BUILT_PRODUCTS_DIR)/ChatBubbleUI.app/ChatBubbleUI";
			};
			name = Debug;
		};
		659311CB1C67C63C0088D476 /* Release */ = {
			isa = XCBuildConfiguration;
			buildSettings = {
				BUNDLE_LOADER = "$(TEST_HOST)";
				INFOPLIST_FILE = ChatBubbleUITests/Info.plist;
				LD_RUNPATH_SEARCH_PATHS = "$(inherited) @executable_path/Frameworks @loader_path/Frameworks";
				PRODUCT_BUNDLE_IDENTIFIER = com.bijiabo.ChatBubbleUITests;
				PRODUCT_NAME = "$(TARGET_NAME)";
				TEST_HOST = "$(BUILT_PRODUCTS_DIR)/ChatBubbleUI.app/ChatBubbleUI";
			};
			name = Release;
		};
/* End XCBuildConfiguration section */

/* Begin XCConfigurationList section */
		659311A41C67C63B0088D476 /* Build configuration list for PBXProject "ChatBubbleUI" */ = {
			isa = XCConfigurationList;
			buildConfigurations = (
				659311C41C67C63C0088D476 /* Debug */,
				659311C51C67C63C0088D476 /* Release */,
			);
			defaultConfigurationIsVisible = 0;
			defaultConfigurationName = Release;
		};
		659311C61C67C63C0088D476 /* Build configuration list for PBXNativeTarget "ChatBubbleUI" */ = {
			isa = XCConfigurationList;
			buildConfigurations = (
				659311C71C67C63C0088D476 /* Debug */,
				659311C81C67C63C0088D476 /* Release */,
			);
			defaultConfigurationIsVisible = 0;
		};
		659311C91C67C63C0088D476 /* Build configuration list for PBXNativeTarget "ChatBubbleUITests" */ = {
			isa = XCConfigurationList;
			buildConfigurations = (
				659311CA1C67C63C0088D476 /* Debug */,
				659311CB1C67C63C0088D476 /* Release */,
			);
			defaultConfigurationIsVisible = 0;
		};
/* End XCConfigurationList section */
	};
	rootObject = 659311A11C67C63B0088D476 /* Project object */;
}
